{
    "_readme": [
        "This file locks the dependencies of your project to a known state",
        "Read more about it at http://getcomposer.org/doc/01-basic-usage.md#composer-lock-the-lock-file"
    ],
    "hash": "79b550837d04784c680a4b6d10d8f730",
    "packages": [
        {
            "name": "dburkart/scurvy",
            "version": "v1.2.1",
            "source": {
                "type": "git",
                "url": "https://github.com/dburkart/scurvy.git",
                "reference": "0372c967142f1ee36bcc44ad1e79ec04c4b33840"
            },
            "dist": {
                "type": "zip",
                "url": "https://api.github.com/repos/dburkart/scurvy/zipball/0372c967142f1ee36bcc44ad1e79ec04c4b33840",
                "reference": "0372c967142f1ee36bcc44ad1e79ec04c4b33840",
                "shasum": ""
            },
            "require": {
                "php": ">=5"
            },
            "type": "library",
            "autoload": {
                "psr-0": {
                    "Scurvy": ""
                }
            },
            "notification-url": "https://packagist.org/downloads/",
            "license": [
                "MIT"
            ],
            "authors": [
                {
                    "name": "Dana Burkart",
                    "email": "dana.burkart@gmail.com",
                    "homepage": "http://danaburkart.com",
                    "role": "developer"
                }
            ],
            "description": "Dead-simple PHP template engine",
            "homepage": "https://github.com/dburkart/scurvy",
            "keywords": [
                "engine",
                "template",
                "templating"
            ],
            "time": "2013-11-10 00:14:13"
        }
    ],
    "packages-dev": [

    ],
    "aliases": [

    ],
    "minimum-stability": "stable",
    "stability-flags": [

    ],
    "platform": {
        "php": ">=5"
    },
    "platform-dev": [

    ]
}
